
Microsoft Visual Studio Solution File, Format Version 12.00
# Visual Studio Version 17
VisualStudioVersion = 17.14.37111.16
MinimumVisualStudioVersion = 10.0.40219.1
Project("{FAE04EC0-301F-11D3-BF4B-00C04F79EFBC}") = "Web", "Web\Web.csproj", "{81FBB663-905C-4763-8863-3108E7DC2335}"
EndProject
Project("{FAE04EC0-301F-11D3-BF4B-00C04F79EFBC}") = "Desktop", "Desktop\Desktop.csproj", "{3FBF564A-D60B-4E70-80BA-7F5CE80A258E}"
EndProject
Global
	GlobalSection(SolutionConfigurationPlatforms) = preSolution
		Debug|Any CPU = Debug|Any CPU
		Release|Any CPU = Release|Any CPU
	EndGlobalSection
	GlobalSection(ProjectConfigurationPlatforms) = postSolution
		{81FBB663-905C-4763-8863-3108E7DC2335}.Debug|Any CPU.ActiveCfg = Debug|Any CPU
		{81FBB663-905C-4763-8863-3108E7DC2335}.Debug|Any CPU.Build.0 = Debug|Any CPU
		{81FBB663-905C-4763-8863-3108E7DC2335}.Release|Any CPU.ActiveCfg = Release|Any CPU
		{81FBB663-905C-4763-8863-3108E7DC2335}.Release|Any CPU.Build.0 = Release|Any CPU
		{3FBF564A-D60B-4E70-80BA-7F5CE80A258E}.Debug|Any CPU.ActiveCfg = Debug|Any CPU
		{3FBF564A-D60B-4E70-80BA-7F5CE80A258E}.Debug|Any CPU.Build.0 = Debug|Any CPU
		{3FBF564A-D60B-4E70-80BA-7F5CE80A258E}.Release|Any CPU.ActiveCfg = Release|Any CPU
		{3FBF564A-D60B-4E70-80BA-7F5CE80A258E}.Release|Any CPU.Build.0 = Release|Any CPU
	EndGlobalSection
	GlobalSection(SolutionProperties) = preSolution
		HideSolutionNode = FALSE
	EndGlobalSection
	GlobalSection(ExtensibilityGlobals) = postSolution
		SolutionGuid = {F6A1E0B4-547C-4AF2-B4D2-27CFC19255FC}
	EndGlobalSection
EndGlobal
